
Microsoft Visual Studio Solution File, Format Version 12.00
# Visual Studio Version 17
VisualStudioVersion = 17.8.34330.188
MinimumVisualStudioVersion = 10.0.40219.1
Project("{FAE04EC0-301F-11D3-BF4B-00C04F79EFBC}") = "LeCompteEstBon", "LeCompteEstBon\LeCompteEstBon.csproj", "{AB2C63CB-DAA9-4D47-8890-E3207297E300}"
EndProject
Global
	GlobalSection(SolutionConfigurationPlatforms) = preSolution
		Debug|Any CPU = Debug|Any CPU
		Release|Any CPU = Release|Any CPU
	EndGlobalSection
	GlobalSection(ProjectConfigurationPlatforms) = postSolution
		{AB2C63CB-DAA9-4D47-8890-E3207297E300}.Debug|Any CPU.ActiveCfg = Debug|Any CPU
		{AB2C63CB-DAA9-4D47-8890-E3207297E300}.Debug|Any CPU.Build.0 = Debug|Any CPU
		{AB2C63CB-DAA9-4D47-8890-E3207297E300}.Release|Any CPU.ActiveCfg = Release|Any CPU
		{AB2C63CB-DAA9-4D47-8890-E3207297E300}.Release|Any CPU.Build.0 = Release|Any CPU
	EndGlobalSection
	GlobalSection(SolutionProperties) = preSolution
		HideSolutionNode = FALSE
	EndGlobalSection
	GlobalSection(ExtensibilityGlobals) = postSolution
		SolutionGuid = {65848472-8D60-41D4-9769-86234D91FC11}
	EndGlobalSection
EndGlobal
